
Microsoft Visual Studio Solution File, Format Version 12.00
# Visual Studio 2013
VisualStudioVersion = 12.0.30723.0
MinimumVisualStudioVersion = 10.0.40219.1
Project("{FAE04EC0-301F-11D3-BF4B-00C04F79EFBC}") = "HelloWorld", "HelloWorld\HelloWorld.csproj", "{E7D7973C-47B3-4FC1-AB17-7E82423E9363}"
EndProject
Project("{FAE04EC0-301F-11D3-BF4B-00C04F79EFBC}") = "Variables", "..\Variables\Variables\Variables.csproj", "{5919AA8D-08A0-4372-84D7-406BCDABBFA6}"
EndProject
Global
	GlobalSection(SolutionConfigurationPlatforms) = preSolution
		Debug|Any CPU = Debug|Any CPU
		Release|Any CPU = Release|Any CPU
	EndGlobalSection
	GlobalSection(ProjectConfigurationPlatforms) = postSolution
		{E7D7973C-47B3-4FC1-AB17-7E82423E9363}.Debug|Any CPU.ActiveCfg = Debug|Any CPU
		{E7D7973C-47B3-4FC1-AB17-7E82423E9363}.Debug|Any CPU.Build.0 = Debug|Any CPU
		{E7D7973C-47B3-4FC1-AB17-7E82423E9363}.Release|Any CPU.ActiveCfg = Release|Any CPU
		{E7D7973C-47B3-4FC1-AB17-7E82423E9363}.Release|Any CPU.Build.0 = Release|Any CPU
		{5919AA8D-08A0-4372-84D7-406BCDABBFA6}.Debug|Any CPU.ActiveCfg = Debug|Any CPU
		{5919AA8D-08A0-4372-84D7-406BCDABBFA6}.Debug|Any CPU.Build.0 = Debug|Any CPU
		{5919AA8D-08A0-4372-84D7-406BCDABBFA6}.Release|Any CPU.ActiveCfg = Release|Any CPU
		{5919AA8D-08A0-4372-84D7-406BCDABBFA6}.Release|Any CPU.Build.0 = Release|Any CPU
	EndGlobalSection
	GlobalSection(SolutionProperties) = preSolution
		HideSolutionNode = FALSE
	EndGlobalSection
EndGlobal
